
Microsoft Visual Studio Solution File, Format Version 12.00
# Visual Studio Version 16
VisualStudioVersion = 16.0.29424.173
MinimumVisualStudioVersion = 10.0.40219.1
Project("{FAE04EC0-301F-11D3-BF4B-00C04F79EFBC}") = "DesignPatterns_Iterator", "DesignPatterns_Iterator\DesignPatterns_Iterator.csproj", "{11A12B0D-D30E-4CB7-8ECD-473C92C059B2}"
EndProject
Global
	GlobalSection(SolutionConfigurationPlatforms) = preSolution
		Debug|Any CPU = Debug|Any CPU
		Release|Any CPU = Release|Any CPU
	EndGlobalSection
	GlobalSection(ProjectConfigurationPlatforms) = postSolution
		{11A12B0D-D30E-4CB7-8ECD-473C92C059B2}.Debug|Any CPU.ActiveCfg = Debug|Any CPU
		{11A12B0D-D30E-4CB7-8ECD-473C92C059B2}.Debug|Any CPU.Build.0 = Debug|Any CPU
		{11A12B0D-D30E-4CB7-8ECD-473C92C059B2}.Release|Any CPU.ActiveCfg = Release|Any CPU
		{11A12B0D-D30E-4CB7-8ECD-473C92C059B2}.Release|Any CPU.Build.0 = Release|Any CPU
	EndGlobalSection
	GlobalSection(SolutionProperties) = preSolution
		HideSolutionNode = FALSE
	EndGlobalSection
	GlobalSection(ExtensibilityGlobals) = postSolution
		SolutionGuid = {A38EB2CD-E744-4E17-B4F9-B3B67C5D7CA9}
	EndGlobalSection
EndGlobal
